{
  "name": "test-host-base",
  "version": "1.0.1",
  "lockfileVersion": 1,
  "requires": true,
  "dependencies": {
    "@angular/common": {
      "version": "7.2.6",
      "resolved": "https://registry.npmjs.org/@angular/common/-/common-7.2.6.tgz",
      "integrity": "sha512-jzWUgsgS0dmPy7yDHX4qCqVpt7ZZmHhApgkg5RkzTAlp+0cvZ/KsDpBgHXnZUIfmk/5g1/EtTbkbClgp1kCkIg==",
      "requires": {
        "tslib": "^1.9.0"
      }
    },
    "@angular/core": {
      "version": "7.2.6",
      "resolved": "https://registry.npmjs.org/@angular/core/-/core-7.2.6.tgz",
      "integrity": "sha512-MZg17DWH1KUoDa9wFYK9Z+3F7DnUW2DjSwGyIi9U4cB54IWFhgt1JsA0mcuSYuRSRpvwaArCDC2AN90f+0/EFA==",
      "requires": {
        "tslib": "^1.9.0"
      }
    },
    "@angular/platform-browser": {
      "version": "7.2.6",
      "resolved": "https://registry.npmjs.org/@angular/platform-browser/-/platform-browser-7.2.6.tgz",
      "integrity": "sha512-VE4yS4l8Cdx6DlvrbOFOZDKmQuyz1RhVcshgSt9hKlkehvAXMtX8Sqnp6po7z0aPykTh0TZZtMtLEerkFEe+DA==",
      "requires": {
        "tslib": "^1.9.0"
      }
    },
    "rxjs": {
      "version": "6.2.1",
      "resolved": "https://registry.npmjs.org/rxjs/-/rxjs-6.2.1.tgz",
      "integrity": "sha512-OwMxHxmnmHTUpgO+V7dZChf3Tixf4ih95cmXjzzadULziVl/FKhHScGLj4goEw9weePVOH2Q0+GcCBUhKCZc/g==",
      "requires": {
        "tslib": "^1.9.0"
      }
    },
    "tslib": {
      "version": "1.9.2",
      "resolved": "https://registry.npmjs.org/tslib/-/tslib-1.9.2.tgz",
      "integrity": "sha512-AVP5Xol3WivEr7hnssHDsaM+lVrVXWUvd1cfXTRkTj80b//6g2wIFEH6hZG0muGZRnHGrfttpdzRk3YlBkWjKw=="
    },
    "typescript": {
      "version": "3.3.3333",
      "resolved": "https://registry.npmjs.org/typescript/-/typescript-3.3.3333.tgz",
      "integrity": "sha512-JjSKsAfuHBE/fB2oZ8NxtRTk5iGcg6hkYXMnZ3Wc+b2RSqejEqTaem11mHASMnFilHrax3sLK0GDzcJrekZYLw=="
    },
    "zone.js": {
      "version": "0.8.26",
      "resolved": "https://registry.npmjs.org/zone.js/-/zone.js-0.8.26.tgz",
      "integrity": "sha512-W9Nj+UmBJG251wkCacIkETgra4QgBo/vgoEkb4a2uoLzpQG7qF9nzwoLXWU5xj3Fg2mxGvEDh47mg24vXccYjA=="
    }
  }
}
